
Microsoft Visual Studio Solution File, Format Version 12.00
# Visual Studio 15
VisualStudioVersion = 15.0.27703.2042
MinimumVisualStudioVersion = 10.0.40219.1
Project("{FAE04EC0-301F-11D3-BF4B-00C04F79EFBC}") = "E_Shop", "E_Shop\E_Shop.csproj", "{31B85EF9-42AD-4530-BF20-212E4F5E348A}"
EndProject
Global
	GlobalSection(SolutionConfigurationPlatforms) = preSolution
		Debug|Any CPU = Debug|Any CPU
		Release|Any CPU = Release|Any CPU
	EndGlobalSection
	GlobalSection(ProjectConfigurationPlatforms) = postSolution
		{31B85EF9-42AD-4530-BF20-212E4F5E348A}.Debug|Any CPU.ActiveCfg = Debug|Any CPU
		{31B85EF9-42AD-4530-BF20-212E4F5E348A}.Debug|Any CPU.Build.0 = Debug|Any CPU
		{31B85EF9-42AD-4530-BF20-212E4F5E348A}.Release|Any CPU.ActiveCfg = Release|Any CPU
		{31B85EF9-42AD-4530-BF20-212E4F5E348A}.Release|Any CPU.Build.0 = Release|Any CPU
	EndGlobalSection
	GlobalSection(SolutionProperties) = preSolution
		HideSolutionNode = FALSE
	EndGlobalSection
	GlobalSection(ExtensibilityGlobals) = postSolution
		SolutionGuid = {07BBC51F-8CFB-4AA6-830D-F82CA3272E5B}
	EndGlobalSection
EndGlobal
