
Microsoft Visual Studio Solution File, Format Version 12.00
# Visual Studio 15
VisualStudioVersion = 15.0.27703.2035
MinimumVisualStudioVersion = 10.0.40219.1
Project("{9A19103F-16F7-4668-BE54-9A1E7A4F7556}") = "EShop.Api", "ShareCar.Api\EShop.Api.csproj", "{CBF72A49-D33E-4567-8DCF-924BEC0F6E7B}"
EndProject
Project("{9A19103F-16F7-4668-BE54-9A1E7A4F7556}") = "EShop.Dto", "ShareCar.Dto\EShop.Dto.csproj", "{8176DC1C-B548-42DA-88BB-ADE12F0CAF51}"
EndProject
Project("{9A19103F-16F7-4668-BE54-9A1E7A4F7556}") = "EShop.Db", "ShareCar.Db\EShop.Db.csproj", "{873D0235-E5E7-45E4-B2E6-223D41FF0F71}"
EndProject
Project("{9A19103F-16F7-4668-BE54-9A1E7A4F7556}") = "EShop.Logic", "ShareCar.Logic\EShop.Logic.csproj", "{D272F19C-D565-44B6-8CFA-5C09B149735C}"
EndProject
Global
	GlobalSection(SolutionConfigurationPlatforms) = preSolution
		Debug|Any CPU = Debug|Any CPU
		Release|Any CPU = Release|Any CPU
	EndGlobalSection
	GlobalSection(ProjectConfigurationPlatforms) = postSolution
		{CBF72A49-D33E-4567-8DCF-924BEC0F6E7B}.Debug|Any CPU.ActiveCfg = Debug|Any CPU
		{CBF72A49-D33E-4567-8DCF-924BEC0F6E7B}.Debug|Any CPU.Build.0 = Debug|Any CPU
		{CBF72A49-D33E-4567-8DCF-924BEC0F6E7B}.Release|Any CPU.ActiveCfg = Release|Any CPU
		{CBF72A49-D33E-4567-8DCF-924BEC0F6E7B}.Release|Any CPU.Build.0 = Release|Any CPU
		{8176DC1C-B548-42DA-88BB-ADE12F0CAF51}.Debug|Any CPU.ActiveCfg = Debug|Any CPU
		{8176DC1C-B548-42DA-88BB-ADE12F0CAF51}.Debug|Any CPU.Build.0 = Debug|Any CPU
		{8176DC1C-B548-42DA-88BB-ADE12F0CAF51}.Release|Any CPU.ActiveCfg = Release|Any CPU
		{8176DC1C-B548-42DA-88BB-ADE12F0CAF51}.Release|Any CPU.Build.0 = Release|Any CPU
		{873D0235-E5E7-45E4-B2E6-223D41FF0F71}.Debug|Any CPU.ActiveCfg = Debug|Any CPU
		{873D0235-E5E7-45E4-B2E6-223D41FF0F71}.Debug|Any CPU.Build.0 = Debug|Any CPU
		{873D0235-E5E7-45E4-B2E6-223D41FF0F71}.Release|Any CPU.ActiveCfg = Release|Any CPU
		{873D0235-E5E7-45E4-B2E6-223D41FF0F71}.Release|Any CPU.Build.0 = Release|Any CPU
		{D272F19C-D565-44B6-8CFA-5C09B149735C}.Debug|Any CPU.ActiveCfg = Debug|Any CPU
		{D272F19C-D565-44B6-8CFA-5C09B149735C}.Debug|Any CPU.Build.0 = Debug|Any CPU
		{D272F19C-D565-44B6-8CFA-5C09B149735C}.Release|Any CPU.ActiveCfg = Release|Any CPU
		{D272F19C-D565-44B6-8CFA-5C09B149735C}.Release|Any CPU.Build.0 = Release|Any CPU
	EndGlobalSection
	GlobalSection(SolutionProperties) = preSolution
		HideSolutionNode = FALSE
	EndGlobalSection
	GlobalSection(ExtensibilityGlobals) = postSolution
		SolutionGuid = {EC956C03-9C26-4C02-A5AD-69C59B5B90B9}
	EndGlobalSection
EndGlobal
